// !$*UTF8*$!
{
	archiveVersion = 1;
	classes = {
	};
	objectVersion = 50;
	objects = {

/* Begin PBXBuildFile section */
		4710F15424C87EEE006270B2 /* PaletteChooser.swift in Sources */ = {isa = PBXBuildFile; fileRef = 4710F15324C87EEE006270B2 /* PaletteChooser.swift */; };
		4710F15624C88167006270B2 /* EmojiArtDocumentPalette.swift in Sources */ = {isa = PBXBuildFile; fileRef = 4710F15524C88167006270B2 /* EmojiArtDocumentPalette.swift */; };
		4763015C24C6EF9D001B88D9 /* Spinning.swift in Sources */ = {isa = PBXBuildFile; fileRef = 4763015B24C6EF9D001B88D9 /* Spinning.swift */; };
		479CF6F424C1D32800AD4A91 /* OptionalImage.swift in Sources */ = {isa = PBXBuildFile; fileRef = 479CF6F324C1D32800AD4A91 /* OptionalImage.swift */; };
		479CF6F624C1D6A300AD4A91 /* AnimatableSystemFontModifier.swift in Sources */ = {isa = PBXBuildFile; fileRef = 479CF6F524C1D6A300AD4A91 /* AnimatableSystemFontModifier.swift */; };
		47A4882C24BD972E00D81455 /* AppDelegate.swift in Sources */ = {isa = PBXBuildFile; fileRef = 47A4882B24BD972E00D81455 /* AppDelegate.swift */; };
		47A4882E24BD972E00D81455 /* SceneDelegate.swift in Sources */ = {isa = PBXBuildFile; fileRef = 47A4882D24BD972E00D81455 /* SceneDelegate.swift */; };
		47A4883024BD972E00D81455 /* EmojiArtDocumentView.swift in Sources */ = {isa = PBXBuildFile; fileRef = 47A4882F24BD972E00D81455 /* EmojiArtDocumentView.swift */; };
		47A4883224BD973400D81455 /* Assets.xcassets in Resources */ = {isa = PBXBuildFile; fileRef = 47A4883124BD973400D81455 /* Assets.xcassets */; };
		47A4883524BD973400D81455 /* Preview Assets.xcassets in Resources */ = {isa = PBXBuildFile; fileRef = 47A4883424BD973400D81455 /* Preview Assets.xcassets */; };
		47A4883824BD973400D81455 /* LaunchScreen.storyboard in Resources */ = {isa = PBXBuildFile; fileRef = 47A4883624BD973400D81455 /* LaunchScreen.storyboard */; };
		47A4884024BD9CD700D81455 /* EmojiArtDocument.swift in Sources */ = {isa = PBXBuildFile; fileRef = 47A4883F24BD9CD700D81455 /* EmojiArtDocument.swift */; };
		47A4884224BDA29500D81455 /* EmojiArt.swift in Sources */ = {isa = PBXBuildFile; fileRef = 47A4884124BDA29500D81455 /* EmojiArt.swift */; };
		47A4884424BDA68E00D81455 /* EmojiArtExtensions.swift in Sources */ = {isa = PBXBuildFile; fileRef = 47A4884324BDA68E00D81455 /* EmojiArtExtensions.swift */; };
/* End PBXBuildFile section */

/* Begin PBXFileReference section */
		4710F15324C87EEE006270B2 /* PaletteChooser.swift */ = {isa = PBXFileReference; lastKnownFileType = sourcecode.swift; path = PaletteChooser.swift; sourceTree = "<group>"; };
		4710F15524C88167006270B2 /* EmojiArtDocumentPalette.swift */ = {isa = PBXFileReference; fileEncoding = 4; lastKnownFileType = sourcecode.swift; path = EmojiArtDocumentPalette.swift; sourceTree = "<group>"; };
		4763015B24C6EF9D001B88D9 /* Spinning.swift */ = {isa = PBXFileReference; lastKnownFileType = sourcecode.swift; path = Spinning.swift; sourceTree = "<group>"; };
		479CF6F324C1D32800AD4A91 /* OptionalImage.swift */ = {isa = PBXFileReference; lastKnownFileType = sourcecode.swift; path = OptionalImage.swift; sourceTree = "<group>"; };
		479CF6F524C1D6A300AD4A91 /* AnimatableSystemFontModifier.swift */ = {isa = PBXFileReference; fileEncoding = 4; lastKnownFileType = sourcecode.swift; path = AnimatableSystemFontModifier.swift; sourceTree = "<group>"; };
		47A4882824BD972E00D81455 /* Emoji Art.app */ = {isa = PBXFileReference; explicitFileType = wrapper.application; includeInIndex = 0; path = "Emoji Art.app"; sourceTree = BUILT_PRODUCTS_DIR; };
		47A4882B24BD972E00D81455 /* AppDelegate.swift */ = {isa = PBXFileReference; lastKnownFileType = sourcecode.swift; path = AppDelegate.swift; sourceTree = "<group>"; };
		47A4882D24BD972E00D81455 /* SceneDelegate.swift */ = {isa = PBXFileReference; lastKnownFileType = sourcecode.swift; path = SceneDelegate.swift; sourceTree = "<group>"; };
		47A4882F24BD972E00D81455 /* EmojiArtDocumentView.swift */ = {isa = PBXFileReference; lastKnownFileType = sourcecode.swift; path = EmojiArtDocumentView.swift; sourceTree = "<group>"; };
		47A4883124BD973400D81455 /* Assets.xcassets */ = {isa = PBXFileReference; lastKnownFileType = folder.assetcatalog; path = Assets.xcassets; sourceTree = "<group>"; };
		47A4883424BD973400D81455 /* Preview Assets.xcassets */ = {isa = PBXFileReference; lastKnownFileType = folder.assetcatalog; path = "Preview Assets.xcassets"; sourceTree = "<group>"; };
		47A4883724BD973400D81455 /* Base */ = {isa = PBXFileReference; lastKnownFileType = file.storyboard; name = Base; path = Base.lproj/LaunchScreen.storyboard; sourceTree = "<group>"; };
		47A4883924BD973400D81455 /* Info.plist */ = {isa = PBXFileReference; lastKnownFileType = text.plist.xml; path = Info.plist; sourceTree = "<group>"; };
		47A4883F24BD9CD700D81455 /* EmojiArtDocument.swift */ = {isa = PBXFileReference; lastKnownFileType = sourcecode.swift; path = EmojiArtDocument.swift; sourceTree = SOURCE_ROOT; };
		47A4884124BDA29500D81455 /* EmojiArt.swift */ = {isa = PBXFileReference; lastKnownFileType = sourcecode.swift; path = EmojiArt.swift; sourceTree = "<group>"; };
		47A4884324BDA68E00D81455 /* EmojiArtExtensions.swift */ = {isa = PBXFileReference; fileEncoding = 4; lastKnownFileType = sourcecode.swift; path = EmojiArtExtensions.swift; sourceTree = "<group>"; };
/* End PBXFileReference section */

/* Begin PBXFrameworksBuildPhase section */
		47A4882524BD972E00D81455 /* Frameworks */ = {
			isa = PBXFrameworksBuildPhase;
			buildActionMask = 2147483647;
			files = (
			);
			runOnlyForDeploymentPostprocessing = 0;
		};
/* End PBXFrameworksBuildPhase section */

/* Begin PBXGroup section */
		47A4881F24BD972E00D81455 = {
			isa = PBXGroup;
			children = (
				47A4882A24BD972E00D81455 /* EmojiArt */,
				47A4882924BD972E00D81455 /* Products */,
			);
			sourceTree = "<group>";
		};
		47A4882924BD972E00D81455 /* Products */ = {
			isa = PBXGroup;
			children = (
				47A4882824BD972E00D81455 /* Emoji Art.app */,
			);
			name = Products;
			sourceTree = "<group>";
		};
		47A4882A24BD972E00D81455 /* EmojiArt */ = {
			isa = PBXGroup;
			children = (
				47A4884124BDA29500D81455 /* EmojiArt.swift */,
				47A4883F24BD9CD700D81455 /* EmojiArtDocument.swift */,
				47A4882F24BD972E00D81455 /* EmojiArtDocumentView.swift */,
				4710F15324C87EEE006270B2 /* PaletteChooser.swift */,
				4710F15524C88167006270B2 /* EmojiArtDocumentPalette.swift */,
				4763015B24C6EF9D001B88D9 /* Spinning.swift */,
				479CF6F524C1D6A300AD4A91 /* AnimatableSystemFontModifier.swift */,
				479CF6F324C1D32800AD4A91 /* OptionalImage.swift */,
				47A4884324BDA68E00D81455 /* EmojiArtExtensions.swift */,
				47A4882B24BD972E00D81455 /* AppDelegate.swift */,
				47A4882D24BD972E00D81455 /* SceneDelegate.swift */,
				47A4883124BD973400D81455 /* Assets.xcassets */,
				47A4883624BD973400D81455 /* LaunchScreen.storyboard */,
				47A4883924BD973400D81455 /* Info.plist */,
				47A4883324BD973400D81455 /* Preview Content */,
			);
			path = EmojiArt;
			sourceTree = "<group>";
		};
		47A4883324BD973400D81455 /* Preview Content */ = {
			isa = PBXGroup;
			children = (
				47A4883424BD973400D81455 /* Preview Assets.xcassets */,
			);
			path = "Preview Content";
			sourceTree = "<group>";
		};
/* End PBXGroup section */

/* Begin PBXNativeTarget section */
		47A4882724BD972E00D81455 /* EmojiArt */ = {
			isa = PBXNativeTarget;
			buildConfigurationList = 47A4883C24BD973400D81455 /* Build configuration list for PBXNativeTarget "EmojiArt" */;
			buildPhases = (
				47A4882424BD972E00D81455 /* Sources */,
				47A4882524BD972E00D81455 /* Frameworks */,
				47A4882624BD972E00D81455 /* Resources */,
			);
			buildRules = (
			);
			dependencies = (
			);
			name = EmojiArt;
			productName = EmojiArt;
			productReference = 47A4882824BD972E00D81455 /* Emoji Art.app */;
			productType = "com.apple.product-type.application";
		};
/* End PBXNativeTarget section */

/* Begin PBXProject section */
		47A4882024BD972E00D81455 /* Project object */ = {
			isa = PBXProject;
			attributes = {
				LastSwiftUpdateCheck = 1150;
				LastUpgradeCheck = 1150;
				ORGANIZATIONNAME = "SK Ruban";
				TargetAttributes = {
					47A4882724BD972E00D81455 = {
						CreatedOnToolsVersion = 11.5;
					};
				};
			};
			buildConfigurationList = 47A4882324BD972E00D81455 /* Build configuration list for PBXProject "EmojiArt" */;
			compatibilityVersion = "Xcode 9.3";
			developmentRegion = en;
			hasScannedForEncodings = 0;
			knownRegions = (
				en,
				Base,
			);
			mainGroup = 47A4881F24BD972E00D81455;
			productRefGroup = 47A4882924BD972E00D81455 /* Products */;
			projectDirPath = "";
			projectRoot = "";
			targets = (
				47A4882724BD972E00D81455 /* EmojiArt */,
			);
		};
/* End PBXProject section */

/* Begin PBXResourcesBuildPhase section */
		47A4882624BD972E00D81455 /* Resources */ = {
			isa = PBXResourcesBuildPhase;
			buildActionMask = 2147483647;
			files = (
				47A4883824BD973400D81455 /* LaunchScreen.storyboard in Resources */,
				47A4883524BD973400D81455 /* Preview Assets.xcassets in Resources */,
				47A4883224BD973400D81455 /* Assets.xcassets in Resources */,
			);
			runOnlyForDeploymentPostprocessing = 0;
		};
/* End PBXResourcesBuildPhase section */

/* Begin PBXSourcesBuildPhase section */
		47A4882424BD972E00D81455 /* Sources */ = {
			isa = PBXSourcesBuildPhase;
			buildActionMask = 2147483647;
			files = (
				4710F15624C88167006270B2 /* EmojiArtDocumentPalette.swift in Sources */,
				47A4882C24BD972E00D81455 /* AppDelegate.swift in Sources */,
				47A4882E24BD972E00D81455 /* SceneDelegate.swift in Sources */,
				47A4884424BDA68E00D81455 /* EmojiArtExtensions.swift in Sources */,
				47A4884224BDA29500D81455 /* EmojiArt.swift in Sources */,
				47A4883024BD972E00D81455 /* EmojiArtDocumentView.swift in Sources */,
				479CF6F424C1D32800AD4A91 /* OptionalImage.swift in Sources */,
				4763015C24C6EF9D001B88D9 /* Spinning.swift in Sources */,
				479CF6F624C1D6A300AD4A91 /* AnimatableSystemFontModifier.swift in Sources */,
				47A4884024BD9CD700D81455 /* EmojiArtDocument.swift in Sources */,
				4710F15424C87EEE006270B2 /* PaletteChooser.swift in Sources */,
			);
			runOnlyForDeploymentPostprocessing = 0;
		};
/* End PBXSourcesBuildPhase section */

/* Begin PBXVariantGroup section */
		47A4883624BD973400D81455 /* LaunchScreen.storyboard */ = {
			isa = PBXVariantGroup;
			children = (
				47A4883724BD973400D81455 /* Base */,
			);
			name = LaunchScreen.storyboard;
			sourceTree = "<group>";
		};
/* End PBXVariantGroup section */

/* Begin XCBuildConfiguration section */
		47A4883A24BD973400D81455 /* Debug */ = {
			isa = XCBuildConfiguration;
			buildSettings = {
				ALWAYS_SEARCH_USER_PATHS = NO;
				CLANG_ANALYZER_NONNULL = YES;
				CLANG_ANALYZER_NUMBER_OBJECT_CONVERSION = YES_AGGRESSIVE;
				CLANG_CXX_LANGUAGE_STANDARD = "gnu++14";
				CLANG_CXX_LIBRARY = "libc++";
				CLANG_ENABLE_MODULES = YES;
				CLANG_ENABLE_OBJC_ARC = YES;
				CLANG_ENABLE_OBJC_WEAK = YES;
				CLANG_WARN_BLOCK_CAPTURE_AUTORELEASING = YES;
				CLANG_WARN_BOOL_CONVERSION = YES;
				CLANG_WARN_COMMA = YES;
				CLANG_WARN_CONSTANT_CONVERSION = YES;
				CLANG_WARN_DEPRECATED_OBJC_IMPLEMENTATIONS = YES;
				CLANG_WARN_DIRECT_OBJC_ISA_USAGE = YES_ERROR;
				CLANG_WARN_DOCUMENTATION_COMMENTS = YES;
				CLANG_WARN_EMPTY_BODY = YES;
				CLANG_WARN_ENUM_CONVERSION = YES;
				CLANG_WARN_INFINITE_RECURSION = YES;
				CLANG_WARN_INT_CONVERSION = YES;
				CLANG_WARN_NON_LITERAL_NULL_CONVERSION = YES;
				CLANG_WARN_OBJC_IMPLICIT_RETAIN_SELF = YES;
				CLANG_WARN_OBJC_LITERAL_CONVERSION = YES;
				CLANG_WARN_OBJC_ROOT_CLASS = YES_ERROR;
				CLANG_WARN_RANGE_LOOP_ANALYSIS = YES;
				CLANG_WARN_STRICT_PROTOTYPES = YES;
				CLANG_WARN_SUSPICIOUS_MOVE = YES;
				CLANG_WARN_UNGUARDED_AVAILABILITY = YES_AGGRESSIVE;
				CLANG_WARN_UNREACHABLE_CODE = YES;
				CLANG_WARN__DUPLICATE_METHOD_MATCH = YES;
				COPY_PHASE_STRIP = NO;
				DEBUG_INFORMATION_FORMAT = dwarf;
				ENABLE_STRICT_OBJC_MSGSEND = YES;
				ENABLE_TESTABILITY = YES;
				GCC_C_LANGUAGE_STANDARD = gnu11;
				GCC_DYNAMIC_NO_PIC = NO;
				GCC_NO_COMMON_BLOCKS = YES;
				GCC_OPTIMIZATION_LEVEL = 0;
				GCC_PREPROCESSOR_DEFINITIONS = (
					"DEBUG=1",
					"$(inherited)",
				);
				GCC_WARN_64_TO_32_BIT_CONVERSION = YES;
				GCC_WARN_ABOUT_RETURN_TYPE = YES_ERROR;
				GCC_WARN_UNDECLARED_SELECTOR = YES;
				GCC_WARN_UNINITIALIZED_AUTOS = YES_AGGRESSIVE;
				GCC_WARN_UNUSED_FUNCTION = YES;
				GCC_WARN_UNUSED_VARIABLE = YES;
				IPHONEOS_DEPLOYMENT_TARGET = 13.5;
				MTL_ENABLE_DEBUG_INFO = INCLUDE_SOURCE;
				MTL_FAST_MATH = YES;
				ONLY_ACTIVE_ARCH = YES;
				SDKROOT = iphoneos;
				SWIFT_ACTIVE_COMPILATION_CONDITIONS = DEBUG;
				SWIFT_OPTIMIZATION_LEVEL = "-Onone";
			};
			name = Debug;
		};
		47A4883B24BD973400D81455 /* Release */ = {
			isa = XCBuildConfiguration;
			buildSettings = {
				ALWAYS_SEARCH_USER_PATHS = NO;
				CLANG_ANALYZER_NONNULL = YES;
				CLANG_ANALYZER_NUMBER_OBJECT_CONVERSION = YES_AGGRESSIVE;
				CLANG_CXX_LANGUAGE_STANDARD = "gnu++14";
				CLANG_CXX_LIBRARY = "libc++";
				CLANG_ENABLE_MODULES = YES;
				CLANG_ENABLE_OBJC_ARC = YES;
				CLANG_ENABLE_OBJC_WEAK = YES;
				CLANG_WARN_BLOCK_CAPTURE_AUTORELEASING = YES;
				CLANG_WARN_BOOL_CONVERSION = YES;
				CLANG_WARN_COMMA = YES;
				CLANG_WARN_CONSTANT_CONVERSION = YES;
				CLANG_WARN_DEPRECATED_OBJC_IMPLEMENTATIONS = YES;
				CLANG_WARN_DIRECT_OBJC_ISA_USAGE = YES_ERROR;
				CLANG_WARN_DOCUMENTATION_COMMENTS = YES;
				CLANG_WARN_EMPTY_BODY = YES;
				CLANG_WARN_ENUM_CONVERSION = YES;
				CLANG_WARN_INFINITE_RECURSION = YES;
				CLANG_WARN_INT_CONVERSION = YES;
				CLANG_WARN_NON_LITERAL_NULL_CONVERSION = YES;
				CLANG_WARN_OBJC_IMPLICIT_RETAIN_SELF = YES;
				CLANG_WARN_OBJC_LITERAL_CONVERSION = YES;
				CLANG_WARN_OBJC_ROOT_CLASS = YES_ERROR;
				CLANG_WARN_RANGE_LOOP_ANALYSIS = YES;
				CLANG_WARN_STRICT_PROTOTYPES = YES;
				CLANG_WARN_SUSPICIOUS_MOVE = YES;
				CLANG_WARN_UNGUARDED_AVAILABILITY = YES_AGGRESSIVE;
				CLANG_WARN_UNREACHABLE_CODE = YES;
				CLANG_WARN__DUPLICATE_METHOD_MATCH = YES;
				COPY_PHASE_STRIP = NO;
				DEBUG_INFORMATION_FORMAT = "dwarf-with-dsym";
				ENABLE_NS_ASSERTIONS = NO;
				ENABLE_STRICT_OBJC_MSGSEND = YES;
				GCC_C_LANGUAGE_STANDARD = gnu11;
				GCC_NO_COMMON_BLOCKS = YES;
				GCC_WARN_64_TO_32_BIT_CONVERSION = YES;
				GCC_WARN_ABOUT_RETURN_TYPE = YES_ERROR;
				GCC_WARN_UNDECLARED_SELECTOR = YES;
				GCC_WARN_UNINITIALIZED_AUTOS = YES_AGGRESSIVE;
				GCC_WARN_UNUSED_FUNCTION = YES;
				GCC_WARN_UNUSED_VARIABLE = YES;
				IPHONEOS_DEPLOYMENT_TARGET = 13.5;
				MTL_ENABLE_DEBUG_INFO = NO;
				MTL_FAST_MATH = YES;
				SDKROOT = iphoneos;
				SWIFT_COMPILATION_MODE = wholemodule;
				SWIFT_OPTIMIZATION_LEVEL = "-O";
				VALIDATE_PRODUCT = YES;
			};
			name = Release;
		};
		47A4883D24BD973400D81455 /* Debug */ = {
			isa = XCBuildConfiguration;
			buildSettings = {
				ASSETCATALOG_COMPILER_APPICON_NAME = AppIcon;
				CODE_SIGN_STYLE = Automatic;
				DEVELOPMENT_ASSET_PATHS = "\"EmojiArt/Preview Content\"";
				DEVELOPMENT_TEAM = FJ5568RK77;
				ENABLE_PREVIEWS = YES;
				INFOPLIST_FILE = EmojiArt/Info.plist;
				LD_RUNPATH_SEARCH_PATHS = (
					"$(inherited)",
					"@executable_path/Frameworks",
				);
				PRODUCT_BUNDLE_IDENTIFIER = com.skruban.EmojiArt;
				PRODUCT_NAME = "Emoji Art";
				SWIFT_VERSION = 5.0;
				TARGETED_DEVICE_FAMILY = "1,2";
			};
			name = Debug;
		};
		47A4883E24BD973400D81455 /* Release */ = {
			isa = XCBuildConfiguration;
			buildSettings = {
				ASSETCATALOG_COMPILER_APPICON_NAME = AppIcon;
				CODE_SIGN_STYLE = Automatic;
				DEVELOPMENT_ASSET_PATHS = "\"EmojiArt/Preview Content\"";
				DEVELOPMENT_TEAM = FJ5568RK77;
				ENABLE_PREVIEWS = YES;
				INFOPLIST_FILE = EmojiArt/Info.plist;
				LD_RUNPATH_SEARCH_PATHS = (
					"$(inherited)",
					"@executable_path/Frameworks",
				);
				PRODUCT_BUNDLE_IDENTIFIER = com.skruban.EmojiArt;
				PRODUCT_NAME = "Emoji Art";
				SWIFT_VERSION = 5.0;
				TARGETED_DEVICE_FAMILY = "1,2";
			};
			name = Release;
		};
/* End XCBuildConfiguration section */

/* Begin XCConfigurationList section */
		47A4882324BD972E00D81455 /* Build configuration list for PBXProject "EmojiArt" */ = {
			isa = XCConfigurationList;
			buildConfigurations = (
				47A4883A24BD973400D81455 /* Debug */,
				47A4883B24BD973400D81455 /* Release */,
			);
			defaultConfigurationIsVisible = 0;
			defaultConfigurationName = Release;
		};
		47A4883C24BD973400D81455 /* Build configuration list for PBXNativeTarget "EmojiArt" */ = {
			isa = XCConfigurationList;
			buildConfigurations = (
				47A4883D24BD973400D81455 /* Debug */,
				47A4883E24BD973400D81455 /* Release */,
			);
			defaultConfigurationIsVisible = 0;
			defaultConfigurationName = Release;
		};
/* End XCConfigurationList section */
	};
	rootObject = 47A4882024BD972E00D81455 /* Project object */;
}
